#MicroXplorer Configuration settings - do not modify
ADC1.Channel-0\#ChannelRegularConversion=ADC_CHANNEL_0
ADC1.IPParameters=Rank-0\#ChannelRegularConversion,Channel-0\#ChannelRegularConversion,SamplingTime-0\#ChannelRegularConversion,NbrOfConversionFlag,master,SelectedChannel
ADC1.NbrOfConversionFlag=1
ADC1.Rank-0\#ChannelRegularConversion=1
ADC1.SamplingTime-0\#ChannelRegularConversion=ADC_SAMPLINGTIME_COMMON_1
ADC1.SelectedChannel=ADC_CHANNEL_0|ADC_CHANNEL_1|ADC_CHANNEL_7|ADC_CHANNEL_8|ADC_CHANNEL_9
ADC1.master=1
CRC.DefaultInitValueUse=DEFAULT_INIT_VALUE_ENABLE
CRC.DefaultPolynomialUse=DEFAULT_POLYNOMIAL_ENABLE
CRC.IPParameters=DefaultPolynomialUse,DefaultInitValueUse,InputDataInversionMode,OutputDataInversionMode,InputDataFormat
CRC.InputDataFormat=CRC_INPUTDATA_FORMAT_BYTES
CRC.InputDataInversionMode=CRC_INPUTDATA_INVERSION_NONE
CRC.OutputDataInversionMode=CRC_OUTPUTDATA_INVERSION_DISABLE
File.Version=6
GPIO.groupedBy=Group By Peripherals
I2C2.AddressingMode=I2C_ADDRESSINGMODE_7BIT
I2C2.Analog_Filter=I2C_ANALOGFILTER_ENABLE
I2C2.CustomTiming=Disabled
I2C2.DualAddressMode=I2C_DUALADDRESS_DISABLE
I2C2.GeneralCallMode=I2C_GENERALCALL_DISABLE
I2C2.I2C_Coeff_DF=0
I2C2.I2C_Fall_Time=0
I2C2.I2C_Rise_Time=0
I2C2.I2C_Speed_Mode=I2C_Standard
I2C2.IPParameters=CustomTiming,I2C_Speed_Mode,Speed,I2C_Rise_Time,I2C_Fall_Time,I2C_Coeff_DF,Analog_Filter,NoStretchMode,GeneralCallMode,AddressingMode,DualAddressMode,OwnAddress
I2C2.NoStretchMode=I2C_NOSTRETCH_DISABLE
I2C2.OwnAddress=0
I2C2.Speed=100
KeepUserPlacement=false
Mcu.Family=STM32G0
Mcu.IP0=ADC1
Mcu.IP1=CRC
Mcu.IP2=I2C2
Mcu.IP3=NVIC
Mcu.IP4=RCC
Mcu.IP5=SPI1
Mcu.IP6=SYS
Mcu.IP7=TIM1
Mcu.IP8=USART1
Mcu.IP9=USART2
Mcu.IPNb=10
Mcu.Name=STM32G071C(6-8-B)Ux
Mcu.Package=UFQFPN48
Mcu.Pin0=PA0
Mcu.Pin1=PA1
Mcu.Pin10=PA8
Mcu.Pin11=PA11 [PA9]
Mcu.Pin12=PA12 [PA10]
Mcu.Pin13=PA13
Mcu.Pin14=PA14-BOOT0
Mcu.Pin15=PD1
Mcu.Pin16=PB6
Mcu.Pin17=PB7
Mcu.Pin18=VP_CRC_VS_CRC
Mcu.Pin19=VP_SYS_VS_Systick
Mcu.Pin2=PA2
Mcu.Pin20=VP_SYS_VS_DBSignals
Mcu.Pin3=PA3
Mcu.Pin4=PA4
Mcu.Pin5=PA5
Mcu.Pin6=PA6
Mcu.Pin7=PA7
Mcu.Pin8=PB0
Mcu.Pin9=PB1
Mcu.PinsNb=21
Mcu.ThirdPartyNb=0
Mcu.UserConstants=
Mcu.UserName=STM32G071CBUx
MxCube.Version=6.1.1
MxDb.Version=DB.6.0.10
NVIC.ForceEnableDMAVector=true
NVIC.HardFault_IRQn=true\:0\:0\:false\:false\:true\:false\:false
NVIC.NonMaskableInt_IRQn=true\:0\:0\:false\:false\:true\:false\:false
NVIC.PendSV_IRQn=true\:0\:0\:false\:false\:true\:false\:false
NVIC.SVC_IRQn=true\:0\:0\:false\:false\:true\:false\:false
NVIC.SysTick_IRQn=true\:0\:0\:false\:false\:true\:false\:true
PA0.Mode=IN0
PA0.Signal=ADC1_IN0
PA1.Mode=IN1
PA1.Signal=ADC1_IN1
PA11\ [PA9].Locked=true
PA11\ [PA9].Mode=I2C
PA11\ [PA9].Signal=I2C2_SCL
PA12\ [PA10].Locked=true
PA12\ [PA10].Mode=I2C
PA12\ [PA10].Signal=I2C2_SDA
PA13.Mode=Serial_Wire
PA13.Signal=SYS_SWDIO
PA14-BOOT0.Mode=Serial_Wire
PA14-BOOT0.Signal=SYS_SWCLK
PA2.Mode=Asynchronous
PA2.Signal=USART2_TX
PA3.Locked=true
PA3.Mode=Asynchronous
PA3.Signal=USART2_RX
PA4.Locked=true
PA4.Mode=NSS_Signal_Hard_Input
PA4.Signal=SPI1_NSS
PA5.Locked=true
PA5.Mode=Simplex_Bidirectional_Slave
PA5.Signal=SPI1_SCK
PA6.Locked=true
PA6.Mode=Simplex_Bidirectional_Slave
PA6.Signal=SPI1_MISO
PA7.Mode=IN7
PA7.Signal=ADC1_IN7
PA8.Signal=S_TIM1_CH1
PB0.Mode=IN8
PB0.Signal=ADC1_IN8
PB1.Mode=IN9
PB1.Signal=ADC1_IN9
PB6.Locked=true
PB6.Mode=Asynchronous
PB6.Signal=USART1_TX
PB7.Locked=true
PB7.Mode=Asynchronous
PB7.Signal=USART1_RX
PD1.Locked=true
PD1.Signal=GPXTI1
PinOutPanel.RotationAngle=0
ProjectManager.AskForMigrate=true
ProjectManager.BackupPrevious=false
ProjectManager.CompilerOptimize=6
ProjectManager.ComputerToolchain=false
ProjectManager.CoupleFile=false
ProjectManager.CustomerFirmwarePackage=
ProjectManager.DefaultFWLocation=true
ProjectManager.DeletePrevious=true
ProjectManager.DeviceId=STM32G071CBUx
ProjectManager.FirmwarePackage=STM32Cube FW_G0 V1.4.1
ProjectManager.FreePins=false
ProjectManager.HalAssertFull=false
ProjectManager.HeapSize=0x200
ProjectManager.KeepUserCode=true
ProjectManager.LastFirmware=true
ProjectManager.LibraryCopy=0
ProjectManager.MainLocation=Src
ProjectManager.NoMain=false
ProjectManager.PreviousToolchain=
ProjectManager.ProjectBuild=false
ProjectManager.ProjectFileName=cube-v2.ioc
ProjectManager.ProjectName=cube-v2
ProjectManager.RegisterCallBack=
ProjectManager.StackSize=0x400
ProjectManager.TargetToolchain=Makefile
ProjectManager.ToolChainLocation=
ProjectManager.UnderRoot=false
ProjectManager.functionlistsort=1-MX_GPIO_Init-GPIO-false-HAL-true,2-SystemClock_Config-RCC-false-HAL-false,3-MX_CRC_Init-CRC-false-HAL-true,4-MX_SPI1_Init-SPI1-false-HAL-true,5-MX_USART1_UART_Init-USART1-false-HAL-true,6-MX_USART2_UART_Init-USART2-false-HAL-true,7-MX_I2C2_Init-I2C2-false-HAL-true,8-MX_ADC1_Init-ADC1-false-HAL-true,9-MX_TIM1_Init-TIM1-false-HAL-true
RCC.AHBFreq_Value=16000000
RCC.APBFreq_Value=16000000
RCC.APBTimFreq_Value=16000000
RCC.CECFreq_Value=32786.88524590164
RCC.CortexFreq_Value=16000000
RCC.EXTERNAL_CLOCK_VALUE=48000
RCC.FCLKCortexFreq_Value=16000000
RCC.FamilyName=M
RCC.HCLKFreq_Value=16000000
RCC.HSE_VALUE=8000000
RCC.HSI_VALUE=16000000
RCC.I2C1Freq_Value=16000000
RCC.I2S1Freq_Value=16000000
RCC.IPParameters=AHBFreq_Value,APBFreq_Value,APBTimFreq_Value,CECFreq_Value,CortexFreq_Value,EXTERNAL_CLOCK_VALUE,FCLKCortexFreq_Value,FamilyName,HCLKFreq_Value,HSE_VALUE,HSI_VALUE,I2C1Freq_Value,I2S1Freq_Value,LPTIM1Freq_Value,LPTIM2Freq_Value,LPUART1Freq_Value,LSCOPinFreq_Value,LSE_VALUE,LSI_VALUE,MCO1PinFreq_Value,PLLPoutputFreq_Value,PLLQoutputFreq_Value,PLLRCLKFreq_Value,PWRFreq_Value,SYSCLKFreq_VALUE,TIM15Freq_Value,TIM1Freq_Value,USART1Freq_Value,USART2Freq_Value,VCOInputFreq_Value,VCOOutputFreq_Value
RCC.LPTIM1Freq_Value=16000000
RCC.LPTIM2Freq_Value=16000000
RCC.LPUART1Freq_Value=16000000
RCC.LSCOPinFreq_Value=32000
RCC.LSE_VALUE=32768
RCC.LSI_VALUE=32000
RCC.MCO1PinFreq_Value=16000000
RCC.PLLPoutputFreq_Value=64000000
RCC.PLLQoutputFreq_Value=64000000
RCC.PLLRCLKFreq_Value=64000000
RCC.PWRFreq_Value=16000000
RCC.SYSCLKFreq_VALUE=16000000
RCC.TIM15Freq_Value=16000000
RCC.TIM1Freq_Value=16000000
RCC.USART1Freq_Value=16000000
RCC.USART2Freq_Value=16000000
RCC.VCOInputFreq_Value=16000000
RCC.VCOOutputFreq_Value=128000000
SH.GPXTI1.0=GPIO_EXTI1
SH.GPXTI1.ConfNb=1
SH.S_TIM1_CH1.0=TIM1_CH1,Output Compare1 CH1
SH.S_TIM1_CH1.ConfNb=1
SPI1.CLKPhase=SPI_PHASE_1EDGE
SPI1.CLKPolarity=SPI_POLARITY_LOW
SPI1.CRCCalculation=SPI_CRCCALCULATION_DISABLE
SPI1.DataSize=SPI_DATASIZE_4BIT
SPI1.Direction=SPI_DIRECTION_1LINE
SPI1.FirstBit=SPI_FIRSTBIT_MSB
SPI1.IPParameters=TIMode,DataSize,FirstBit,CLKPolarity,CLKPhase,CRCCalculation,NSS,VirtualType,Mode,Direction,VirtualNSS
SPI1.Mode=SPI_MODE_SLAVE
SPI1.NSS=SPI_NSS_HARD_INPUT
SPI1.TIMode=SPI_TIMODE_DISABLE
SPI1.VirtualNSS=VM_NSSHARD
SPI1.VirtualType=VM_SLAVE
TIM1.Channel-Output\ Compare1\ CH1=TIM_CHANNEL_1
TIM1.IPParameters=Channel-Output Compare1 CH1
USART1.AutoBaudRateEnableParam=UART_ADVFEATURE_AUTOBAUDRATE_DISABLE
USART1.BaudRate=115200
USART1.ClockPrescaler=PRESCALER_DIV1
USART1.DMADisableonRxErrorParam=ADVFEATURE_DMA_ENABLEONRXERROR
USART1.DataInvertParam=ADVFEATURE_DATAINV_DISABLE
USART1.FIFOMode=FIFOMODE_DISABLE
USART1.IPParameters=BaudRate,WordLength,Parity,StopBits,Mode,OverSampling,OneBitSampling,ClockPrescaler,FIFOMode,TXFIFOThreshold,RXFIFOThreshold,AutoBaudRateEnableParam,TxPinLevelInvertParam,RxPinLevelInvertParam,DataInvertParam,SwapParam,OverrunDisableParam,DMADisableonRxErrorParam,MSBFirstParam,VirtualMode-Asynchronous
USART1.MSBFirstParam=ADVFEATURE_MSBFIRST_DISABLE
USART1.Mode=MODE_TX_RX
USART1.OneBitSampling=UART_ONE_BIT_SAMPLE_DISABLE
USART1.OverSampling=UART_OVERSAMPLING_16
USART1.OverrunDisableParam=ADVFEATURE_OVERRUN_ENABLE
USART1.Parity=PARITY_NONE
USART1.RXFIFOThreshold=RXFIFO_THRESHOLD_1EIGHTHFULL
USART1.RxPinLevelInvertParam=ADVFEATURE_RXINV_DISABLE
USART1.StopBits=STOPBITS_1
USART1.SwapParam=ADVFEATURE_SWAP_DISABLE
USART1.TXFIFOThreshold=TXFIFO_THRESHOLD_1EIGHTHFULL
USART1.TxPinLevelInvertParam=ADVFEATURE_TXINV_DISABLE
USART1.VirtualMode-Asynchronous=VM_ASYNC
USART1.WordLength=WORDLENGTH_8B
USART2.AutoBaudRateEnableParam=UART_ADVFEATURE_AUTOBAUDRATE_DISABLE
USART2.BaudRate=115200
USART2.ClockPrescaler=PRESCALER_DIV1
USART2.DMADisableonRxErrorParam=ADVFEATURE_DMA_ENABLEONRXERROR
USART2.DataInvertParam=ADVFEATURE_DATAINV_DISABLE
USART2.FIFOMode=FIFOMODE_DISABLE
USART2.IPParameters=BaudRate,WordLength,Parity,StopBits,Mode,OverSampling,OneBitSampling,ClockPrescaler,FIFOMode,TXFIFOThreshold,RXFIFOThreshold,AutoBaudRateEnableParam,TxPinLevelInvertParam,RxPinLevelInvertParam,DataInvertParam,SwapParam,OverrunDisableParam,DMADisableonRxErrorParam,MSBFirstParam,VirtualMode-Asynchronous
USART2.MSBFirstParam=ADVFEATURE_MSBFIRST_DISABLE
USART2.Mode=MODE_TX_RX
USART2.OneBitSampling=UART_ONE_BIT_SAMPLE_DISABLE
USART2.OverSampling=UART_OVERSAMPLING_16
USART2.OverrunDisableParam=ADVFEATURE_OVERRUN_ENABLE
USART2.Parity=PARITY_NONE
USART2.RXFIFOThreshold=RXFIFO_THRESHOLD_1EIGHTHFULL
USART2.RxPinLevelInvertParam=ADVFEATURE_RXINV_DISABLE
USART2.StopBits=STOPBITS_1
USART2.SwapParam=ADVFEATURE_SWAP_DISABLE
USART2.TXFIFOThreshold=TXFIFO_THRESHOLD_1EIGHTHFULL
USART2.TxPinLevelInvertParam=ADVFEATURE_TXINV_DISABLE
USART2.VirtualMode-Asynchronous=VM_ASYNC
USART2.WordLength=WORDLENGTH_8B
VP_CRC_VS_CRC.Mode=CRC_Activate
VP_CRC_VS_CRC.Signal=CRC_VS_CRC
VP_SYS_VS_DBSignals.Mode=DisableDeadBatterySignals
VP_SYS_VS_DBSignals.Signal=SYS_VS_DBSignals
VP_SYS_VS_Systick.Mode=SysTick
VP_SYS_VS_Systick.Signal=SYS_VS_Systick
board=custom
